
Microsoft Visual Studio Solution File, Format Version 12.00
# Visual Studio Version 17
VisualStudioVersion = 17.7.34221.43
MinimumVisualStudioVersion = 10.0.40219.1
Project("{9A19103F-16F7-4668-BE54-9A1E7A4F7556}") = "aqua.tool.Validation", "aqua.tool.Validation\aqua.tool.Validation.csproj", "{A65CB25F-BD36-4A3D-9FE3-4CE806D75074}"
EndProject
Project("{2150E333-8FDC-42A3-9474-1A3956D46DE8}") = "Solution Items", "Solution Items", "{FB7889A5-8C61-4677-9BD0-637D0D3725C1}"
	ProjectSection(SolutionItems) = preProject
		Directory.Build.props = Directory.Build.props
		README.md = README.md
	EndProjectSection
EndProject
Global
	GlobalSection(SolutionConfigurationPlatforms) = preSolution
		Debug|Any CPU = Debug|Any CPU
		Release|Any CPU = Release|Any CPU
	EndGlobalSection
	GlobalSection(ProjectConfigurationPlatforms) = postSolution
		{A65CB25F-BD36-4A3D-9FE3-4CE806D75074}.Debug|Any CPU.ActiveCfg = Debug|Any CPU
		{A65CB25F-BD36-4A3D-9FE3-4CE806D75074}.Debug|Any CPU.Build.0 = Debug|Any CPU
		{A65CB25F-BD36-4A3D-9FE3-4CE806D75074}.Release|Any CPU.ActiveCfg = Release|Any CPU
		{A65CB25F-BD36-4A3D-9FE3-4CE806D75074}.Release|Any CPU.Build.0 = Release|Any CPU
	EndGlobalSection
	GlobalSection(SolutionProperties) = preSolution
		HideSolutionNode = FALSE
	EndGlobalSection
	GlobalSection(ExtensibilityGlobals) = postSolution
		SolutionGuid = {8634DD41-1168-4B39-8579-799A46245DCA}
	EndGlobalSection
EndGlobal
